{
  "name": "fracas",
  "version": "3.0.0",
  "dependencies": {
    "connect-flash": {
      "version": "0.1.1",
      "from": "https://registry.npmjs.org/connect-flash/-/connect-flash-0.1.1.tgz",
      "resolved": "https://registry.npmjs.org/connect-flash/-/connect-flash-0.1.1.tgz"
    },
    "ejs": {
      "version": "0.8.5",
      "from": "ejs@~0.8.5"
    },
    "express": {
      "version": "3.4.8",
      "from": "express@~3.4.8",
      "dependencies": {
        "connect": {
          "version": "2.12.0",
          "from": "connect@2.12.0",
          "resolved": "https://registry.npmjs.org/connect/-/connect-2.12.0.tgz",
          "dependencies": {
            "batch": {
              "version": "0.5.0",
              "from": "batch@0.5.0",
              "resolved": "https://registry.npmjs.org/batch/-/batch-0.5.0.tgz"
            },
            "qs": {
              "version": "0.6.6",
              "from": "qs@0.6.6",
              "resolved": "https://registry.npmjs.org/qs/-/qs-0.6.6.tgz"
            },
            "cookie-signature": {
              "version": "1.0.1",
              "from": "cookie-signature@1.0.1"
            },
            "send": {
              "version": "0.1.4",
              "from": "send@0.1.4",
              "dependencies": {
                "debug": {
                  "version": "0.7.4",
                  "from": "debug@*"
                },
                "mime": {
                  "version": "1.2.11",
                  "from": "mime@~1.2.9"
                },
                "fresh": {
                  "version": "0.2.0",
                  "from": "fresh@0.2.0"
                },
                "range-parser": {
                  "version": "0.0.4",
                  "from": "range-parser@0.0.4"
                }
              }
            },
            "bytes": {
              "version": "0.2.1",
              "from": "bytes@0.2.1"
            },
            "fresh": {
              "version": "0.2.0",
              "from": "fresh@0.2.0"
            },
            "pause": {
              "version": "0.0.1",
              "from": "pause@0.0.1"
            },
            "uid2": {
              "version": "0.0.3",
              "from": "uid2@0.0.3"
            },
            "raw-body": {
              "version": "1.1.2",
              "from": "raw-body@1.1.2",
              "resolved": "https://registry.npmjs.org/raw-body/-/raw-body-1.1.2.tgz"
            },
            "negotiator": {
              "version": "0.3.0",
              "from": "negotiator@0.3.0"
            },
            "multiparty": {
              "version": "2.2.0",
              "from": "multiparty@2.2.0",
              "dependencies": {
                "readable-stream": {
                  "version": "1.1.10",
                  "from": "readable-stream@~1.1.9",
                  "dependencies": {
                    "core-util-is": {
                      "version": "1.0.1",
                      "from": "core-util-is@~1.0.0"
                    },
                    "string_decoder": {
                      "version": "0.10.25",
                      "from": "string_decoder@~0.10.x",
                      "resolved": "https://registry.npmjs.org/string_decoder/-/string_decoder-0.10.25.tgz"
                    },
                    "debuglog": {
                      "version": "0.0.2",
                      "from": "debuglog@0.0.2"
                    }
                  }
                },
                "stream-counter": {
                  "version": "0.2.0",
                  "from": "stream-counter@~0.2.0"
                }
              }
            }
          }
        },
        "commander": {
          "version": "1.3.2",
          "from": "commander@1.3.2",
          "dependencies": {
            "keypress": {
              "version": "0.1.0",
              "from": "keypress@0.1.x"
            }
          }
        },
        "range-parser": {
          "version": "0.0.4",
          "from": "range-parser@0.0.4"
        },
        "mkdirp": {
          "version": "0.3.5",
          "from": "mkdirp@0.3.5"
        },
        "cookie": {
          "version": "0.1.0",
          "from": "cookie@0.1.0"
        },
        "fresh": {
          "version": "0.2.0",
          "from": "fresh@0.2.0"
        },
        "methods": {
          "version": "0.1.0",
          "from": "methods@0.1.0"
        },
        "send": {
          "version": "0.1.4",
          "from": "send@0.1.4",
          "dependencies": {
            "mime": {
              "version": "1.2.11",
              "from": "mime@~1.2.9"
            }
          }
        },
        "cookie-signature": {
          "version": "1.0.1",
          "from": "cookie-signature@1.0.1"
        },
        "merge-descriptors": {
          "version": "0.0.1",
          "from": "merge-descriptors@0.0.1"
        },
        "debug": {
          "version": "0.7.4",
          "from": "debug@>= 0.7.3 < 1"
        }
      }
    },
    "lodash": {
      "version": "2.4.1",
      "from": "lodash@~2.4.1"
    },
    "passport": {
      "version": "0.1.18",
      "from": "passport@0.1.18",
      "resolved": "https://registry.npmjs.org/passport/-/passport-0.1.18.tgz",
      "dependencies": {
        "pkginfo": {
          "version": "0.2.3",
          "from": "pkginfo@0.2.x"
        },
        "pause": {
          "version": "0.0.1",
          "from": "pause@0.0.1"
        }
      }
    },
    "passport-local": {
      "version": "0.1.6",
      "from": "https://registry.npmjs.org/passport-local/-/passport-local-0.1.6.tgz",
      "resolved": "https://registry.npmjs.org/passport-local/-/passport-local-0.1.6.tgz",
      "dependencies": {
        "pkginfo": {
          "version": "0.2.3",
          "from": "pkginfo@0.2.3"
        },
        "passport": {
          "version": "0.1.18",
          "from": "passport@0.1.18",
          "resolved": "https://registry.npmjs.org/passport/-/passport-0.1.18.tgz",
          "dependencies": {
            "pause": {
              "version": "0.0.1",
              "from": "pause@0.0.1"
            }
          }
        }
      }
    },
    "bluebird": {
      "version": "1.0.2",
      "from": "bluebird@~1.0.2"
    },
    "async": {
      "version": "0.2.10",
      "from": "async@"
    },
    "winston": {
      "version": "0.7.2",
      "from": "https://registry.npmjs.org/winston/-/winston-0.7.2.tgz",
      "resolved": "https://registry.npmjs.org/winston/-/winston-0.7.2.tgz",
      "dependencies": {
        "colors": {
          "version": "0.6.2",
          "from": "colors@~0.6.0",
          "resolved": "https://registry.npmjs.org/colors/-/colors-0.6.2.tgz"
        },
        "cycle": {
          "version": "1.0.3",
          "from": "cycle@1.0.3",
          "resolved": "https://registry.npmjs.org/cycle/-/cycle-1.0.3.tgz"
        },
        "eyes": {
          "version": "0.1.8",
          "from": "https://registry.npmjs.org/eyes/-/eyes-0.1.8.tgz",
          "resolved": "https://registry.npmjs.org/eyes/-/eyes-0.1.8.tgz"
        },
        "pkginfo": {
          "version": "0.3.0",
          "from": "pkginfo@0.3.0",
          "resolved": "https://registry.npmjs.org/pkginfo/-/pkginfo-0.3.0.tgz"
        },
        "request": {
          "version": "2.16.6",
          "from": "request@2.16.6",
          "dependencies": {
            "form-data": {
              "version": "0.0.10",
              "from": "form-data@~0.0.3",
              "dependencies": {
                "combined-stream": {
                  "version": "0.0.4",
                  "from": "combined-stream@~0.0.4",
                  "dependencies": {
                    "delayed-stream": {
                      "version": "0.0.5",
                      "from": "delayed-stream@0.0.5"
                    }
                  }
                },
                "async": {
                  "version": "0.2.10",
                  "from": "async@~0.2.7"
                }
              }
            },
            "mime": {
              "version": "1.2.11",
              "from": "mime@~1.2.7"
            },
            "hawk": {
              "version": "0.10.2",
              "from": "hawk@~0.10.2",
              "dependencies": {
                "hoek": {
                  "version": "0.7.6",
                  "from": "hoek@0.7.x"
                },
                "boom": {
                  "version": "0.3.8",
                  "from": "boom@0.3.x"
                },
                "cryptiles": {
                  "version": "0.1.3",
                  "from": "cryptiles@0.1.x"
                },
                "sntp": {
                  "version": "0.1.4",
                  "from": "sntp@0.1.x"
                }
              }
            },
            "node-uuid": {
              "version": "1.4.1",
              "from": "node-uuid@~1.4.0"
            },
            "cookie-jar": {
              "version": "0.2.0",
              "from": "cookie-jar@~0.2.0"
            },
            "aws-sign": {
              "version": "0.2.0",
              "from": "aws-sign@~0.2.0"
            },
            "oauth-sign": {
              "version": "0.2.0",
              "from": "oauth-sign@~0.2.0"
            },
            "forever-agent": {
              "version": "0.2.0",
              "from": "forever-agent@~0.2.0"
            },
            "tunnel-agent": {
              "version": "0.2.0",
              "from": "tunnel-agent@~0.2.0"
            },
            "json-stringify-safe": {
              "version": "3.0.0",
              "from": "json-stringify-safe@~3.0.0"
            },
            "qs": {
              "version": "0.5.6",
              "from": "qs@~0.5.4"
            }
          }
        },
        "stack-trace": {
          "version": "0.0.8",
          "from": "stack-trace@0.0.8",
          "resolved": "https://registry.npmjs.org/stack-trace/-/stack-trace-0.0.8.tgz"
        }
      }
    },
    "http-proxy": {
      "version": "0.10.4",
      "from": "http-proxy@0.10.4",
      "dependencies": {
        "colors": {
          "version": "0.6.2",
          "from": "colors@0.x.x"
        },
        "optimist": {
          "version": "0.6.0",
          "from": "optimist@0.6.x",
          "dependencies": {
            "wordwrap": {
              "version": "0.0.2",
              "from": "wordwrap@~0.0.2"
            },
            "minimist": {
              "version": "0.0.5",
              "from": "minimist@~0.0.1"
            }
          }
        },
        "pkginfo": {
          "version": "0.3.0",
          "from": "pkginfo@0.3.x"
        },
        "utile": {
          "version": "0.2.1",
          "from": "utile@~0.2.1",
          "dependencies": {
            "deep-equal": {
              "version": "0.2.1",
              "from": "deep-equal@*"
            },
            "i": {
              "version": "0.3.2",
              "from": "i@0.3.x"
            },
            "mkdirp": {
              "version": "0.3.5",
              "from": "mkdirp@0.x.x"
            },
            "ncp": {
              "version": "0.4.2",
              "from": "ncp@0.4.x"
            },
            "rimraf": {
              "version": "2.2.6",
              "from": "rimraf@2.x.x"
            }
          }
        }
      }
    },
    "connect-restreamer": {
      "version": "1.0.0",
      "from": "https://registry.npmjs.org/connect-restreamer/-/connect-restreamer-1.0.0.tgz",
      "resolved": "https://registry.npmjs.org/connect-restreamer/-/connect-restreamer-1.0.0.tgz"
    },
    "jquery": {
      "version": "2.1.0",
      "from": "jquery@",
      "resolved": "https://registry.npmjs.org/jquery/-/jquery-2.1.0.tgz"
    },
    "jpegtran-bin": {
      "version": "0.2.3",
      "from": "jpegtran-bin@",
      "dependencies": {
        "bin-wrapper": {
          "version": "0.1.9",
          "from": "bin-wrapper@~0.1.3",
          "dependencies": {
            "download": {
              "version": "0.1.10",
              "from": "download@~0.1.2",
              "dependencies": {
                "decompress": {
                  "version": "0.1.6",
                  "from": "decompress@~0.1.5",
                  "dependencies": {
                    "adm-zip": {
                      "version": "0.4.4",
                      "from": "adm-zip@~0.4.3"
                    },
                    "rimraf": {
                      "version": "2.2.6",
                      "from": "rimraf@~2.2.2"
                    },
                    "stream-combiner": {
                      "version": "0.0.4",
                      "from": "stream-combiner@~0.0.2",
                      "dependencies": {
                        "duplexer": {
                          "version": "0.1.1",
                          "from": "duplexer@~0.1.1"
                        }
                      }
                    },
                    "tar": {
                      "version": "0.1.19",
                      "from": "tar@~0.1.18",
                      "dependencies": {
                        "inherits": {
                          "version": "2.0.1",
                          "from": "inherits@2"
                        },
                        "block-stream": {
                          "version": "0.0.7",
                          "from": "block-stream@*"
                        },
                        "fstream": {
                          "version": "0.1.25",
                          "from": "fstream@~0.1.8",
                          "dependencies": {
                            "graceful-fs": {
                              "version": "2.0.1",
                              "from": "graceful-fs@~2.0.0"
                            }
                          }
                        }
                      }
                    },
                    "tempfile": {
                      "version": "0.1.2",
                      "from": "tempfile@~0.1.2",
                      "dependencies": {
                        "uuid": {
                          "version": "1.4.1",
                          "from": "uuid@~1.4.0"
                        }
                      }
                    }
                  }
                },
                "each-async": {
                  "version": "0.1.2",
                  "from": "each-async@~0.1.1"
                },
                "request": {
                  "version": "2.31.0",
                  "from": "request@~2.31.0",
                  "dependencies": {
                    "qs": {
                      "version": "0.6.6",
                      "from": "qs@~0.6.0"
                    },
                    "json-stringify-safe": {
                      "version": "5.0.0",
                      "from": "json-stringify-safe@~5.0.0"
                    },
                    "forever-agent": {
                      "version": "0.5.2",
                      "from": "forever-agent@~0.5.0"
                    },
                    "node-uuid": {
                      "version": "1.4.1",
                      "from": "node-uuid@~1.4.0"
                    },
                    "mime": {
                      "version": "1.2.11",
                      "from": "mime@~1.2.9"
                    },
                    "tough-cookie": {
                      "version": "0.9.15",
                      "from": "tough-cookie@~0.9.15",
                      "dependencies": {
                        "punycode": {
                          "version": "1.2.3",
                          "from": "punycode@>=0.2.0"
                        }
                      }
                    },
                    "form-data": {
                      "version": "0.1.2",
                      "from": "form-data@~0.1.0",
                      "dependencies": {
                        "combined-stream": {
                          "version": "0.0.4",
                          "from": "combined-stream@~0.0.4",
                          "dependencies": {
                            "delayed-stream": {
                              "version": "0.0.5",
                              "from": "delayed-stream@0.0.5"
                            }
                          }
                        }
                      }
                    },
                    "tunnel-agent": {
                      "version": "0.3.0",
                      "from": "tunnel-agent@~0.3.0"
                    },
                    "http-signature": {
                      "version": "0.10.0",
                      "from": "http-signature@~0.10.0",
                      "dependencies": {
                        "assert-plus": {
                          "version": "0.1.2",
                          "from": "assert-plus@0.1.2"
                        },
                        "asn1": {
                          "version": "0.1.11",
                          "from": "asn1@0.1.11"
                        },
                        "ctype": {
                          "version": "0.5.2",
                          "from": "ctype@0.5.2"
                        }
                      }
                    },
                    "oauth-sign": {
                      "version": "0.3.0",
                      "from": "oauth-sign@~0.3.0"
                    },
                    "hawk": {
                      "version": "1.0.0",
                      "from": "hawk@~1.0.0",
                      "dependencies": {
                        "hoek": {
                          "version": "0.9.1",
                          "from": "hoek@0.9.x"
                        },
                        "boom": {
                          "version": "0.4.2",
                          "from": "boom@0.4.x"
                        },
                        "cryptiles": {
                          "version": "0.2.2",
                          "from": "cryptiles@0.2.x"
                        },
                        "sntp": {
                          "version": "0.2.4",
                          "from": "sntp@0.2.x"
                        }
                      }
                    },
                    "aws-sign2": {
                      "version": "0.5.0",
                      "from": "aws-sign2@~0.5.0"
                    }
                  }
                },
                "through2": {
                  "version": "0.4.1",
                  "from": "through2@~0.4.0",
                  "dependencies": {
                    "readable-stream": {
                      "version": "1.0.25",
                      "from": "readable-stream@~1.0.17",
                      "dependencies": {
                        "string_decoder": {
                          "version": "0.10.25",
                          "from": "string_decoder@~0.10.x"
                        }
                      }
                    },
                    "xtend": {
                      "version": "2.1.2",
                      "from": "xtend@~2.1.1",
                      "dependencies": {
                        "object-keys": {
                          "version": "0.4.0",
                          "from": "object-keys@~0.4.0"
                        }
                      }
                    }
                  }
                }
              }
            },
            "isbin": {
              "version": "0.0.2",
              "from": "isbin@0.0.2",
              "resolved": "https://registry.npmjs.org/isbin/-/isbin-0.0.2.tgz",
              "dependencies": {
                "async": {
                  "version": "0.1.22",
                  "from": "async@0.1.22",
                  "resolved": "https://registry.npmjs.org/async/-/async-0.1.22.tgz"
                }
              }
            },
            "mout": {
              "version": "0.6.0",
              "from": "mout@~0.6.0"
            },
            "progress": {
              "version": "1.1.3",
              "from": "progress@~1.1.0"
            },
            "which": {
              "version": "1.0.5",
              "from": "which@~1.0.5"
            }
          }
        },
        "chalk": {
          "version": "0.2.1",
          "from": "chalk@~0.2.0",
          "dependencies": {
            "has-color": {
              "version": "0.1.4",
              "from": "has-color@~0.1.0"
            },
            "ansi-styles": {
              "version": "0.2.0",
              "from": "ansi-styles@~0.2.0"
            }
          }
        }
      }
    },
    "pngquant-bin": {
      "version": "0.1.5",
      "from": "pngquant-bin@",
      "dependencies": {
        "bin-wrapper": {
          "version": "0.1.9",
          "from": "bin-wrapper@~0.1.3",
          "dependencies": {
            "download": {
              "version": "0.1.10",
              "from": "download@~0.1.2",
              "dependencies": {
                "decompress": {
                  "version": "0.1.6",
                  "from": "decompress@~0.1.5",
                  "dependencies": {
                    "adm-zip": {
                      "version": "0.4.4",
                      "from": "adm-zip@~0.4.3"
                    },
                    "rimraf": {
                      "version": "2.2.6",
                      "from": "rimraf@~2.2.2"
                    },
                    "stream-combiner": {
                      "version": "0.0.4",
                      "from": "stream-combiner@~0.0.2",
                      "dependencies": {
                        "duplexer": {
                          "version": "0.1.1",
                          "from": "duplexer@~0.1.1"
                        }
                      }
                    },
                    "tar": {
                      "version": "0.1.19",
                      "from": "tar@~0.1.18",
                      "dependencies": {
                        "inherits": {
                          "version": "2.0.1",
                          "from": "inherits@2"
                        },
                        "block-stream": {
                          "version": "0.0.7",
                          "from": "block-stream@*"
                        },
                        "fstream": {
                          "version": "0.1.25",
                          "from": "fstream@~0.1.8",
                          "dependencies": {
                            "graceful-fs": {
                              "version": "2.0.1",
                              "from": "graceful-fs@~2.0.0"
                            }
                          }
                        }
                      }
                    },
                    "tempfile": {
                      "version": "0.1.2",
                      "from": "tempfile@~0.1.2",
                      "dependencies": {
                        "uuid": {
                          "version": "1.4.1",
                          "from": "uuid@~1.4.0"
                        }
                      }
                    }
                  }
                },
                "each-async": {
                  "version": "0.1.2",
                  "from": "each-async@~0.1.1"
                },
                "request": {
                  "version": "2.31.0",
                  "from": "request@~2.31.0",
                  "dependencies": {
                    "qs": {
                      "version": "0.6.6",
                      "from": "qs@~0.6.0"
                    },
                    "json-stringify-safe": {
                      "version": "5.0.0",
                      "from": "json-stringify-safe@~5.0.0"
                    },
                    "forever-agent": {
                      "version": "0.5.2",
                      "from": "forever-agent@~0.5.0"
                    },
                    "node-uuid": {
                      "version": "1.4.1",
                      "from": "node-uuid@~1.4.0"
                    },
                    "mime": {
                      "version": "1.2.11",
                      "from": "mime@~1.2.9"
                    },
                    "tough-cookie": {
                      "version": "0.9.15",
                      "from": "tough-cookie@~0.9.15",
                      "dependencies": {
                        "punycode": {
                          "version": "1.2.3",
                          "from": "punycode@>=0.2.0"
                        }
                      }
                    },
                    "form-data": {
                      "version": "0.1.2",
                      "from": "form-data@~0.1.0",
                      "dependencies": {
                        "combined-stream": {
                          "version": "0.0.4",
                          "from": "combined-stream@~0.0.4",
                          "dependencies": {
                            "delayed-stream": {
                              "version": "0.0.5",
                              "from": "delayed-stream@0.0.5"
                            }
                          }
                        }
                      }
                    },
                    "tunnel-agent": {
                      "version": "0.3.0",
                      "from": "tunnel-agent@~0.3.0"
                    },
                    "http-signature": {
                      "version": "0.10.0",
                      "from": "http-signature@~0.10.0",
                      "dependencies": {
                        "assert-plus": {
                          "version": "0.1.2",
                          "from": "assert-plus@0.1.2"
                        },
                        "asn1": {
                          "version": "0.1.11",
                          "from": "asn1@0.1.11"
                        },
                        "ctype": {
                          "version": "0.5.2",
                          "from": "ctype@0.5.2"
                        }
                      }
                    },
                    "oauth-sign": {
                      "version": "0.3.0",
                      "from": "oauth-sign@~0.3.0"
                    },
                    "hawk": {
                      "version": "1.0.0",
                      "from": "hawk@~1.0.0",
                      "dependencies": {
                        "hoek": {
                          "version": "0.9.1",
                          "from": "hoek@0.9.x"
                        },
                        "boom": {
                          "version": "0.4.2",
                          "from": "boom@0.4.x"
                        },
                        "cryptiles": {
                          "version": "0.2.2",
                          "from": "cryptiles@0.2.x"
                        },
                        "sntp": {
                          "version": "0.2.4",
                          "from": "sntp@0.2.x"
                        }
                      }
                    },
                    "aws-sign2": {
                      "version": "0.5.0",
                      "from": "aws-sign2@~0.5.0"
                    }
                  }
                },
                "through2": {
                  "version": "0.4.1",
                  "from": "through2@~0.4.0",
                  "dependencies": {
                    "readable-stream": {
                      "version": "1.0.25",
                      "from": "readable-stream@~1.0.17",
                      "dependencies": {
                        "string_decoder": {
                          "version": "0.10.25",
                          "from": "string_decoder@~0.10.x"
                        }
                      }
                    },
                    "xtend": {
                      "version": "2.1.2",
                      "from": "xtend@~2.1.1",
                      "dependencies": {
                        "object-keys": {
                          "version": "0.4.0",
                          "from": "object-keys@~0.4.0"
                        }
                      }
                    }
                  }
                }
              }
            },
            "isbin": {
              "version": "0.0.2",
              "from": "isbin@0.0.2",
              "dependencies": {
                "async": {
                  "version": "0.1.22",
                  "from": "async@0.1.22"
                }
              }
            },
            "mout": {
              "version": "0.6.0",
              "from": "mout@~0.6.0"
            },
            "progress": {
              "version": "1.1.3",
              "from": "progress@~1.1.0"
            },
            "which": {
              "version": "1.0.5",
              "from": "which@~1.0.5"
            }
          }
        },
        "chalk": {
          "version": "0.2.1",
          "from": "chalk@~0.2.0",
          "dependencies": {
            "has-color": {
              "version": "0.1.4",
              "from": "has-color@~0.1.0"
            },
            "ansi-styles": {
              "version": "0.2.0",
              "from": "ansi-styles@~0.2.0"
            }
          }
        }
      }
    },
    "gifsicle": {
      "version": "0.1.4",
      "from": "gifsicle@",
      "dependencies": {
        "bin-wrapper": {
          "version": "0.1.9",
          "from": "bin-wrapper@~0.1.3",
          "dependencies": {
            "download": {
              "version": "0.1.10",
              "from": "download@~0.1.2",
              "dependencies": {
                "decompress": {
                  "version": "0.1.6",
                  "from": "decompress@~0.1.5",
                  "dependencies": {
                    "adm-zip": {
                      "version": "0.4.4",
                      "from": "adm-zip@~0.4.3"
                    },
                    "rimraf": {
                      "version": "2.2.6",
                      "from": "rimraf@~2.2.2"
                    },
                    "stream-combiner": {
                      "version": "0.0.4",
                      "from": "stream-combiner@~0.0.2",
                      "dependencies": {
                        "duplexer": {
                          "version": "0.1.1",
                          "from": "duplexer@~0.1.1"
                        }
                      }
                    },
                    "tar": {
                      "version": "0.1.19",
                      "from": "tar@~0.1.18",
                      "dependencies": {
                        "inherits": {
                          "version": "2.0.1",
                          "from": "inherits@2"
                        },
                        "block-stream": {
                          "version": "0.0.7",
                          "from": "block-stream@*"
                        },
                        "fstream": {
                          "version": "0.1.25",
                          "from": "fstream@~0.1.8",
                          "dependencies": {
                            "graceful-fs": {
                              "version": "2.0.1",
                              "from": "graceful-fs@~2.0.0"
                            }
                          }
                        }
                      }
                    },
                    "tempfile": {
                      "version": "0.1.2",
                      "from": "tempfile@~0.1.2",
                      "dependencies": {
                        "uuid": {
                          "version": "1.4.1",
                          "from": "uuid@~1.4.0"
                        }
                      }
                    }
                  }
                },
                "each-async": {
                  "version": "0.1.2",
                  "from": "each-async@~0.1.1"
                },
                "request": {
                  "version": "2.31.0",
                  "from": "request@~2.31.0",
                  "dependencies": {
                    "qs": {
                      "version": "0.6.6",
                      "from": "qs@~0.6.0"
                    },
                    "json-stringify-safe": {
                      "version": "5.0.0",
                      "from": "json-stringify-safe@~5.0.0"
                    },
                    "forever-agent": {
                      "version": "0.5.2",
                      "from": "forever-agent@~0.5.0"
                    },
                    "node-uuid": {
                      "version": "1.4.1",
                      "from": "node-uuid@~1.4.0"
                    },
                    "mime": {
                      "version": "1.2.11",
                      "from": "mime@~1.2.9"
                    },
                    "tough-cookie": {
                      "version": "0.9.15",
                      "from": "tough-cookie@~0.9.15",
                      "dependencies": {
                        "punycode": {
                          "version": "1.2.3",
                          "from": "punycode@>=0.2.0"
                        }
                      }
                    },
                    "form-data": {
                      "version": "0.1.2",
                      "from": "form-data@~0.1.0",
                      "dependencies": {
                        "combined-stream": {
                          "version": "0.0.4",
                          "from": "combined-stream@~0.0.4",
                          "dependencies": {
                            "delayed-stream": {
                              "version": "0.0.5",
                              "from": "delayed-stream@0.0.5"
                            }
                          }
                        }
                      }
                    },
                    "tunnel-agent": {
                      "version": "0.3.0",
                      "from": "tunnel-agent@~0.3.0"
                    },
                    "http-signature": {
                      "version": "0.10.0",
                      "from": "http-signature@~0.10.0",
                      "dependencies": {
                        "assert-plus": {
                          "version": "0.1.2",
                          "from": "assert-plus@0.1.2"
                        },
                        "asn1": {
                          "version": "0.1.11",
                          "from": "asn1@0.1.11"
                        },
                        "ctype": {
                          "version": "0.5.2",
                          "from": "ctype@0.5.2"
                        }
                      }
                    },
                    "oauth-sign": {
                      "version": "0.3.0",
                      "from": "oauth-sign@~0.3.0"
                    },
                    "hawk": {
                      "version": "1.0.0",
                      "from": "hawk@~1.0.0",
                      "dependencies": {
                        "hoek": {
                          "version": "0.9.1",
                          "from": "hoek@0.9.x"
                        },
                        "boom": {
                          "version": "0.4.2",
                          "from": "boom@0.4.x"
                        },
                        "cryptiles": {
                          "version": "0.2.2",
                          "from": "cryptiles@0.2.x"
                        },
                        "sntp": {
                          "version": "0.2.4",
                          "from": "sntp@0.2.x"
                        }
                      }
                    },
                    "aws-sign2": {
                      "version": "0.5.0",
                      "from": "aws-sign2@~0.5.0"
                    }
                  }
                },
                "through2": {
                  "version": "0.4.1",
                  "from": "through2@~0.4.0",
                  "dependencies": {
                    "readable-stream": {
                      "version": "1.0.25",
                      "from": "readable-stream@~1.0.17",
                      "dependencies": {
                        "string_decoder": {
                          "version": "0.10.25",
                          "from": "string_decoder@~0.10.x"
                        }
                      }
                    },
                    "xtend": {
                      "version": "2.1.2",
                      "from": "xtend@~2.1.1",
                      "dependencies": {
                        "object-keys": {
                          "version": "0.4.0",
                          "from": "object-keys@~0.4.0"
                        }
                      }
                    }
                  }
                }
              }
            },
            "isbin": {
              "version": "0.0.2",
              "from": "isbin@0.0.2",
              "dependencies": {
                "async": {
                  "version": "0.1.22",
                  "from": "async@0.1.22"
                }
              }
            },
            "mout": {
              "version": "0.6.0",
              "from": "mout@~0.6.0"
            },
            "progress": {
              "version": "1.1.3",
              "from": "progress@~1.1.0"
            },
            "which": {
              "version": "1.0.5",
              "from": "which@~1.0.5"
            }
          }
        },
        "chalk": {
          "version": "0.2.1",
          "from": "chalk@~0.2.0",
          "dependencies": {
            "has-color": {
              "version": "0.1.4",
              "from": "has-color@~0.1.0"
            },
            "ansi-styles": {
              "version": "0.2.0",
              "from": "ansi-styles@~0.2.0"
            }
          }
        }
      }
    },
    "buffer-crc32": {
      "version": "0.2.1",
      "from": "buffer-crc32@0.2.1",
      "resolved": "https://registry.npmjs.org/buffer-crc32/-/buffer-crc32-0.2.1.tgz"
    },
    "karma-firefox-launcher": {
      "version": "0.1.0",
      "from": "https://registry.npmjs.org/karma-firefox-launcher/-/karma-firefox-launcher-0.1.0.tgz",
      "resolved": "https://registry.npmjs.org/karma-firefox-launcher/-/karma-firefox-launcher-0.1.0.tgz"
    },
    "karma-html2js-preprocessor": {
      "version": "0.1.0",
      "from": "https://registry.npmjs.org/karma-html2js-preprocessor/-/karma-html2js-preprocessor-0.1.0.tgz",
      "resolved": "https://registry.npmjs.org/karma-html2js-preprocessor/-/karma-html2js-preprocessor-0.1.0.tgz"
    },
    "karma-requirejs": {
      "version": "0.1.0",
      "from": "https://registry.npmjs.org/karma-requirejs/-/karma-requirejs-0.1.0.tgz",
      "resolved": "https://registry.npmjs.org/karma-requirejs/-/karma-requirejs-0.1.0.tgz"
    },
    "karma-chrome-launcher": {
      "version": "0.1.0",
      "from": "https://registry.npmjs.org/karma-chrome-launcher/-/karma-chrome-launcher-0.1.0.tgz",
      "resolved": "https://registry.npmjs.org/karma-chrome-launcher/-/karma-chrome-launcher-0.1.0.tgz"
    },
    "mkdirp": {
      "version": "0.3.5",
      "from": "mkdirp@0.3.5",
      "resolved": "https://registry.npmjs.org/mkdirp/-/mkdirp-0.3.5.tgz"
    },
    "karma-script-launcher": {
      "version": "0.1.0",
      "from": "https://registry.npmjs.org/karma-script-launcher/-/karma-script-launcher-0.1.0.tgz",
      "resolved": "https://registry.npmjs.org/karma-script-launcher/-/karma-script-launcher-0.1.0.tgz"
    },
    "karma-jasmine": {
      "version": "0.1.3",
      "from": "https://registry.npmjs.org/karma-jasmine/-/karma-jasmine-0.1.3.tgz",
      "resolved": "https://registry.npmjs.org/karma-jasmine/-/karma-jasmine-0.1.3.tgz"
    },
    "event-stream": {
      "version": "3.1.0",
      "from": "event-stream@",
      "dependencies": {
        "through": {
          "version": "2.3.4",
          "from": "through@~2.3.1"
        },
        "duplexer": {
          "version": "0.1.1",
          "from": "duplexer@~0.1.1"
        },
        "from": {
          "version": "0.1.3",
          "from": "from@~0"
        },
        "map-stream": {
          "version": "0.1.0",
          "from": "map-stream@~0.1.0"
        },
        "pause-stream": {
          "version": "0.0.11",
          "from": "pause-stream@0.0.11"
        },
        "split": {
          "version": "0.2.10",
          "from": "split@0.2"
        },
        "stream-combiner": {
          "version": "0.0.4",
          "from": "stream-combiner@~0.0.4"
        }
      }
    },
    "karma-coffee-preprocessor": {
      "version": "0.1.0",
      "from": "https://registry.npmjs.org/karma-coffee-preprocessor/-/karma-coffee-preprocessor-0.1.0.tgz",
      "resolved": "https://registry.npmjs.org/karma-coffee-preprocessor/-/karma-coffee-preprocessor-0.1.0.tgz",
      "dependencies": {
        "coffee-script": {
          "version": "1.6.3",
          "from": "https://registry.npmjs.org/coffee-script/-/coffee-script-1.6.3.tgz",
          "resolved": "https://registry.npmjs.org/coffee-script/-/coffee-script-1.6.3.tgz"
        }
      }
    },
    "vinyl": {
      "version": "0.2.3",
      "from": "vinyl@",
      "dependencies": {
        "clone-stats": {
          "version": "0.0.1",
          "from": "clone-stats@~0.0.1"
        }
      }
    },
    "karma-phantomjs-launcher": {
      "version": "0.1.0",
      "from": "https://registry.npmjs.org/karma-phantomjs-launcher/-/karma-phantomjs-launcher-0.1.0.tgz",
      "resolved": "https://registry.npmjs.org/karma-phantomjs-launcher/-/karma-phantomjs-launcher-0.1.0.tgz",
      "dependencies": {
        "phantomjs": {
          "version": "1.9.2-2",
          "from": "https://registry.npmjs.org/phantomjs/-/phantomjs-1.9.2-2.tgz",
          "resolved": "https://registry.npmjs.org/phantomjs/-/phantomjs-1.9.2-2.tgz",
          "dependencies": {
            "adm-zip": {
              "version": "0.2.1",
              "from": "https://registry.npmjs.org/adm-zip/-/adm-zip-0.2.1.tgz",
              "resolved": "https://registry.npmjs.org/adm-zip/-/adm-zip-0.2.1.tgz"
            },
            "kew": {
              "version": "0.1.7",
              "from": "https://registry.npmjs.org/kew/-/kew-0.1.7.tgz",
              "resolved": "https://registry.npmjs.org/kew/-/kew-0.1.7.tgz"
            },
            "ncp": {
              "version": "0.4.2",
              "from": "https://registry.npmjs.org/ncp/-/ncp-0.4.2.tgz",
              "resolved": "https://registry.npmjs.org/ncp/-/ncp-0.4.2.tgz"
            },
            "npmconf": {
              "version": "0.0.24",
              "from": "https://registry.npmjs.org/npmconf/-/npmconf-0.0.24.tgz",
              "resolved": "https://registry.npmjs.org/npmconf/-/npmconf-0.0.24.tgz",
              "dependencies": {
                "config-chain": {
                  "version": "1.1.8",
                  "from": "https://registry.npmjs.org/config-chain/-/config-chain-1.1.8.tgz",
                  "resolved": "https://registry.npmjs.org/config-chain/-/config-chain-1.1.8.tgz",
                  "dependencies": {
                    "proto-list": {
                      "version": "1.2.2",
                      "from": "https://registry.npmjs.org/proto-list/-/proto-list-1.2.2.tgz",
                      "resolved": "https://registry.npmjs.org/proto-list/-/proto-list-1.2.2.tgz"
                    }
                  }
                },
                "inherits": {
                  "version": "1.0.0",
                  "from": "inherits@1",
                  "resolved": "https://registry.npmjs.org/inherits/-/inherits-1.0.0.tgz"
                },
                "once": {
                  "version": "1.1.1",
                  "from": "https://registry.npmjs.org/once/-/once-1.1.1.tgz",
                  "resolved": "https://registry.npmjs.org/once/-/once-1.1.1.tgz"
                },
                "osenv": {
                  "version": "0.0.3",
                  "from": "https://registry.npmjs.org/osenv/-/osenv-0.0.3.tgz",
                  "resolved": "https://registry.npmjs.org/osenv/-/osenv-0.0.3.tgz"
                },
                "nopt": {
                  "version": "2.1.2",
                  "from": "nopt@2.1.2",
                  "resolved": "https://registry.npmjs.org/nopt/-/nopt-2.1.2.tgz",
                  "dependencies": {
                    "abbrev": {
                      "version": "1.0.4",
                      "from": "abbrev@1.0.4",
                      "resolved": "https://registry.npmjs.org/abbrev/-/abbrev-1.0.4.tgz"
                    }
                  }
                },
                "semver": {
                  "version": "1.1.4",
                  "from": "https://registry.npmjs.org/semver/-/semver-1.1.4.tgz",
                  "resolved": "https://registry.npmjs.org/semver/-/semver-1.1.4.tgz"
                },
                "ini": {
                  "version": "1.1.0",
                  "from": "https://registry.npmjs.org/ini/-/ini-1.1.0.tgz",
                  "resolved": "https://registry.npmjs.org/ini/-/ini-1.1.0.tgz"
                }
              }
            },
            "mkdirp": {
              "version": "0.3.5",
              "from": "mkdirp@~0.3.5",
              "resolved": "https://registry.npmjs.org/mkdirp/-/mkdirp-0.3.5.tgz"
            },
            "rimraf": {
              "version": "2.0.3",
              "from": "rimraf@2.0.3",
              "resolved": "https://registry.npmjs.org/rimraf/-/rimraf-2.0.3.tgz",
              "dependencies": {
                "graceful-fs": {
                  "version": "1.1.14",
                  "from": "graceful-fs@1.1.14",
                  "resolved": "https://registry.npmjs.org/graceful-fs/-/graceful-fs-1.1.14.tgz"
                }
              }
            },
            "which": {
              "version": "1.0.5",
              "from": "which@~1.0.5",
              "resolved": "https://registry.npmjs.org/which/-/which-1.0.5.tgz"
            }
          }
        }
      }
    }
  }
}
